// !$*UTF8*$!
{
	archiveVersion = 1;
	classes = {
	};
	objectVersion = 46;
	objects = {

/* Begin PBXBuildFile section */
		3CFCDDE11C1971B600B061E0 /* AppDelegate.swift in Sources */ = {isa = PBXBuildFile; fileRef = 3CFCDDE01C1971B600B061E0 /* AppDelegate.swift */; };
		3CFCDDE31C1971B600B061E0 /* ViewController.swift in Sources */ = {isa = PBXBuildFile; fileRef = 3CFCDDE21C1971B600B061E0 /* ViewController.swift */; };
		3CFCDDE61C1971B600B061E0 /* Main.storyboard in Resources */ = {isa = PBXBuildFile; fileRef = 3CFCDDE41C1971B600B061E0 /* Main.storyboard */; };
		3CFCDDE81C1971B600B061E0 /* Assets.xcassets in Resources */ = {isa = PBXBuildFile; fileRef = 3CFCDDE71C1971B600B061E0 /* Assets.xcassets */; };
		3CFCDDEB1C1971B600B061E0 /* LaunchScreen.storyboard in Resources */ = {isa = PBXBuildFile; fileRef = 3CFCDDE91C1971B600B061E0 /* LaunchScreen.storyboard */; };
/* End PBXBuildFile section */

/* Begin PBXFileReference section */
		3CFCDDDD1C1971B600B061E0 /* BindingWithBond.app */ = {isa = PBXFileReference; explicitFileType = wrapper.application; includeInIndex = 0; path = BindingWithBond.app; sourceTree = BUILT_PRODUCTS_DIR; };
		3CFCDDE01C1971B600B061E0 /* AppDelegate.swift */ = {isa = PBXFileReference; lastKnownFileType = sourcecode.swift; path = AppDelegate.swift; sourceTree = "<group>"; };
		3CFCDDE21C1971B600B061E0 /* ViewController.swift */ = {isa = PBXFileReference; lastKnownFileType = sourcecode.swift; path = ViewController.swift; sourceTree = "<group>"; };
		3CFCDDE51C1971B600B061E0 /* Base */ = {isa = PBXFileReference; lastKnownFileType = file.storyboard; name = Base; path = Base.lproj/Main.storyboard; sourceTree = "<group>"; };
		3CFCDDE71C1971B600B061E0 /* Assets.xcassets */ = {isa = PBXFileReference; lastKnownFileType = folder.assetcatalog; path = Assets.xcassets; sourceTree = "<group>"; };
		3CFCDDEA1C1971B600B061E0 /* Base */ = {isa = PBXFileReference; lastKnownFileType = file.storyboard; name = Base; path = Base.lproj/LaunchScreen.storyboard; sourceTree = "<group>"; };
		3CFCDDEC1C1971B600B061E0 /* Info.plist */ = {isa = PBXFileReference; lastKnownFileType = text.plist.xml; path = Info.plist; sourceTree = "<group>"; };
/* End PBXFileReference section */

/* Begin PBXFrameworksBuildPhase section */
		3CFCDDDA1C1971B600B061E0 /* Frameworks */ = {
			isa = PBXFrameworksBuildPhase;
			buildActionMask = 2147483647;
			files = (
			);
			runOnlyForDeploymentPostprocessing = 0;
		};
/* End PBXFrameworksBuildPhase section */

/* Begin PBXGroup section */
		3CFCDDD41C1971B500B061E0 = {
			isa = PBXGroup;
			children = (
				3CFCDDDF1C1971B600B061E0 /* BindingWithBond */,
				3CFCDDDE1C1971B600B061E0 /* Products */,
			);
			sourceTree = "<group>";
		};
		3CFCDDDE1C1971B600B061E0 /* Products */ = {
			isa = PBXGroup;
			children = (
				3CFCDDDD1C1971B600B061E0 /* BindingWithBond.app */,
			);
			name = Products;
			sourceTree = "<group>";
		};
		3CFCDDDF1C1971B600B061E0 /* BindingWithBond */ = {
			isa = PBXGroup;
			children = (
				3CFCDDE01C1971B600B061E0 /* AppDelegate.swift */,
				3CFCDDE21C1971B600B061E0 /* ViewController.swift */,
				3CFCDDE41C1971B600B061E0 /* Main.storyboard */,
				3CFCDDE71C1971B600B061E0 /* Assets.xcassets */,
				3CFCDDE91C1971B600B061E0 /* LaunchScreen.storyboard */,
				3CFCDDEC1C1971B600B061E0 /* Info.plist */,
			);
			path = BindingWithBond;
			sourceTree = "<group>";
		};
/* End PBXGroup section */

/* Begin PBXNativeTarget section */
		3CFCDDDC1C1971B600B061E0 /* BindingWithBond */ = {
			isa = PBXNativeTarget;
			buildConfigurationList = 3CFCDDEF1C1971B600B061E0 /* Build configuration list for PBXNativeTarget "BindingWithBond" */;
			buildPhases = (
				3CFCDDD91C1971B600B061E0 /* Sources */,
				3CFCDDDA1C1971B600B061E0 /* Frameworks */,
				3CFCDDDB1C1971B600B061E0 /* Resources */,
			);
			buildRules = (
			);
			dependencies = (
			);
			name = BindingWithBond;
			productName = BindingWithBond;
			productReference = 3CFCDDDD1C1971B600B061E0 /* BindingWithBond.app */;
			productType = "com.apple.product-type.application";
		};
/* End PBXNativeTarget section */

/* Begin PBXProject section */
		3CFCDDD51C1971B500B061E0 /* Project object */ = {
			isa = PBXProject;
			attributes = {
				LastSwiftUpdateCheck = 0710;
				LastUpgradeCheck = 0710;
				ORGANIZATIONNAME = Razeware;
				TargetAttributes = {
					3CFCDDDC1C1971B600B061E0 = {
						CreatedOnToolsVersion = 7.1.1;
					};
				};
			};
			buildConfigurationList = 3CFCDDD81C1971B500B061E0 /* Build configuration list for PBXProject "BindingWithBond" */;
			compatibilityVersion = "Xcode 3.2";
			developmentRegion = English;
			hasScannedForEncodings = 0;
			knownRegions = (
				en,
				Base,
			);
			mainGroup = 3CFCDDD41C1971B500B061E0;
			productRefGroup = 3CFCDDDE1C1971B600B061E0 /* Products */;
			projectDirPath = "";
			projectRoot = "";
			targets = (
				3CFCDDDC1C1971B600B061E0 /* BindingWithBond */,
			);
		};
/* End PBXProject section */

/* Begin PBXResourcesBuildPhase section */
		3CFCDDDB1C1971B600B061E0 /* Resources */ = {
			isa = PBXResourcesBuildPhase;
			buildActionMask = 2147483647;
			files = (
				3CFCDDEB1C1971B600B061E0 /* LaunchScreen.storyboard in Resources */,
				3CFCDDE81C1971B600B061E0 /* Assets.xcassets in Resources */,
				3CFCDDE61C1971B600B061E0 /* Main.storyboard in Resources */,
			);
			runOnlyForDeploymentPostprocessing = 0;
		};
/* End PBXResourcesBuildPhase section */

/* Begin PBXSourcesBuildPhase section */
		3CFCDDD91C1971B600B061E0 /* Sources */ = {
			isa = PBXSourcesBuildPhase;
			buildActionMask = 2147483647;
			files = (
				3CFCDDE31C1971B600B061E0 /* ViewController.swift in Sources */,
				3CFCDDE11C1971B600B061E0 /* AppDelegate.swift in Sources */,
			);
			runOnlyForDeploymentPostprocessing = 0;
		};
/* End PBXSourcesBuildPhase section */

/* Begin PBXVariantGroup section */
		3CFCDDE41C1971B600B061E0 /* Main.storyboard */ = {
			isa = PBXVariantGroup;
			children = (
				3CFCDDE51C1971B600B061E0 /* Base */,
			);
			name = Main.storyboard;
			sourceTree = "<group>";
		};
		3CFCDDE91C1971B600B061E0 /* LaunchScreen.storyboard */ = {
			isa = PBXVariantGroup;
			children = (
				3CFCDDEA1C1971B600B061E0 /* Base */,
			);
			name = LaunchScreen.storyboard;
			sourceTree = "<group>";
		};
/* End PBXVariantGroup section */

/* Begin XCBuildConfiguration section */
		3CFCDDED1C1971B600B061E0 /* Debug */ = {
			isa = XCBuildConfiguration;
			buildSettings = {
				ALWAYS_SEARCH_USER_PATHS = NO;
				CLANG_CXX_LANGUAGE_STANDARD = "gnu++0x";
				CLANG_CXX_LIBRARY = "libc++";
				CLANG_ENABLE_MODULES = YES;
				CLANG_ENABLE_OBJC_ARC = YES;
				CLANG_WARN_BOOL_CONVERSION = YES;
				CLANG_WARN_CONSTANT_CONVERSION = YES;
				CLANG_WARN_DIRECT_OBJC_ISA_USAGE = YES_ERROR;
				CLANG_WARN_EMPTY_BODY = YES;
				CLANG_WARN_ENUM_CONVERSION = YES;
				CLANG_WARN_INT_CONVERSION = YES;
				CLANG_WARN_OBJC_ROOT_CLASS = YES_ERROR;
				CLANG_WARN_UNREACHABLE_CODE = YES;
				CLANG_WARN__DUPLICATE_METHOD_MATCH = YES;
				"CODE_SIGN_IDENTITY[sdk=iphoneos*]" = "iPhone Developer";
				COPY_PHASE_STRIP = NO;
				DEBUG_INFORMATION_FORMAT = dwarf;
				ENABLE_STRICT_OBJC_MSGSEND = YES;
				ENABLE_TESTABILITY = YES;
				GCC_C_LANGUAGE_STANDARD = gnu99;
				GCC_DYNAMIC_NO_PIC = NO;
				GCC_NO_COMMON_BLOCKS = YES;
				GCC_OPTIMIZATION_LEVEL = 0;
				GCC_PREPROCESSOR_DEFINITIONS = (
					"DEBUG=1",
					"$(inherited)",
				);
				GCC_WARN_64_TO_32_BIT_CONVERSION = YES;
				GCC_WARN_ABOUT_RETURN_TYPE = YES_ERROR;
				GCC_WARN_UNDECLARED_SELECTOR = YES;
				GCC_WARN_UNINITIALIZED_AUTOS = YES_AGGRESSIVE;
				GCC_WARN_UNUSED_FUNCTION = YES;
				GCC_WARN_UNUSED_VARIABLE = YES;
				IPHONEOS_DEPLOYMENT_TARGET = 9.1;
				MTL_ENABLE_DEBUG_INFO = YES;
				ONLY_ACTIVE_ARCH = YES;
				SDKROOT = iphoneos;
				SWIFT_OPTIMIZATION_LEVEL = "-Onone";
			};
			name = Debug;
		};
		3CFCDDEE1C1971B600B061E0 /* Release */ = {
			isa = XCBuildConfiguration;
			buildSettings = {
				ALWAYS_SEARCH_USER_PATHS = NO;
				CLANG_CXX_LANGUAGE_STANDARD = "gnu++0x";
				CLANG_CXX_LIBRARY = "libc++";
				CLANG_ENABLE_MODULES = YES;
				CLANG_ENABLE_OBJC_ARC = YES;
				CLANG_WARN_BOOL_CONVERSION = YES;
				CLANG_WARN_CONSTANT_CONVERSION = YES;
				CLANG_WARN_DIRECT_OBJC_ISA_USAGE = YES_ERROR;
				CLANG_WARN_EMPTY_BODY = YES;
				CLANG_WARN_ENUM_CONVERSION = YES;
				CLANG_WARN_INT_CONVERSION = YES;
				CLANG_WARN_OBJC_ROOT_CLASS = YES_ERROR;
				CLANG_WARN_UNREACHABLE_CODE = YES;
				CLANG_WARN__DUPLICATE_METHOD_MATCH = YES;
				"CODE_SIGN_IDENTITY[sdk=iphoneos*]" = "iPhone Developer";
				COPY_PHASE_STRIP = NO;
				DEBUG_INFORMATION_FORMAT = "dwarf-with-dsym";
				ENABLE_NS_ASSERTIONS = NO;
				ENABLE_STRICT_OBJC_MSGSEND = YES;
				GCC_C_LANGUAGE_STANDARD = gnu99;
				GCC_NO_COMMON_BLOCKS = YES;
				GCC_WARN_64_TO_32_BIT_CONVERSION = YES;
				GCC_WARN_ABOUT_RETURN_TYPE = YES_ERROR;
				GCC_WARN_UNDECLARED_SELECTOR = YES;
				GCC_WARN_UNINITIALIZED_AUTOS = YES_AGGRESSIVE;
				GCC_WARN_UNUSED_FUNCTION = YES;
				GCC_WARN_UNUSED_VARIABLE = YES;
				IPHONEOS_DEPLOYMENT_TARGET = 9.1;
				MTL_ENABLE_DEBUG_INFO = NO;
				SDKROOT = iphoneos;
				VALIDATE_PRODUCT = YES;
			};
			name = Release;
		};
		3CFCDDF01C1971B600B061E0 /* Debug */ = {
			isa = XCBuildConfiguration;
			buildSettings = {
				ASSETCATALOG_COMPILER_APPICON_NAME = AppIcon;
				INFOPLIST_FILE = BindingWithBond/Info.plist;
				LD_RUNPATH_SEARCH_PATHS = "$(inherited) @executable_path/Frameworks";
				PRODUCT_BUNDLE_IDENTIFIER = com.razeware.BindingWithBond;
				PRODUCT_NAME = "$(TARGET_NAME)";
			};
			name = Debug;
		};
		3CFCDDF11C1971B600B061E0 /* Release */ = {
			isa = XCBuildConfiguration;
			buildSettings = {
				ASSETCATALOG_COMPILER_APPICON_NAME = AppIcon;
				INFOPLIST_FILE = BindingWithBond/Info.plist;
				LD_RUNPATH_SEARCH_PATHS = "$(inherited) @executable_path/Frameworks";
				PRODUCT_BUNDLE_IDENTIFIER = com.razeware.BindingWithBond;
				PRODUCT_NAME = "$(TARGET_NAME)";
			};
			name = Release;
		};
/* End XCBuildConfiguration section */

/* Begin XCConfigurationList section */
		3CFCDDD81C1971B500B061E0 /* Build configuration list for PBXProject "BindingWithBond" */ = {
			isa = XCConfigurationList;
			buildConfigurations = (
				3CFCDDED1C1971B600B061E0 /* Debug */,
				3CFCDDEE1C1971B600B061E0 /* Release */,
			);
			defaultConfigurationIsVisible = 0;
			defaultConfigurationName = Release;
		};
		3CFCDDEF1C1971B600B061E0 /* Build configuration list for PBXNativeTarget "BindingWithBond" */ = {
			isa = XCConfigurationList;
			buildConfigurations = (
				3CFCDDF01C1971B600B061E0 /* Debug */,
				3CFCDDF11C1971B600B061E0 /* Release */,
			);
			defaultConfigurationIsVisible = 0;
		};
/* End XCConfigurationList section */
	};
	rootObject = 3CFCDDD51C1971B500B061E0 /* Project object */;
}
